
Microsoft Visual Studio Solution File, Format Version 11.00
# Visual Studio 2010
Project("{FAE04EC0-301F-11D3-BF4B-00C04F79EFBC}") = "TranslationManager", "EMALostKeys\TranslationManager.csproj", "{6334042F-8BB7-4727-A804-FCE5DE19CE44}"
EndProject
Project("{FAE04EC0-301F-11D3-BF4B-00C04F79EFBC}") = "TranslationAnalyzer", "TranslationAnalyzer\TranslationAnalyzer.csproj", "{CD09AA7B-DC8C-4C07-962F-DED78DB4D4B3}"
EndProject
Global
	GlobalSection(SolutionConfigurationPlatforms) = preSolution
		Debug|Any CPU = Debug|Any CPU
		Debug|Mixed Platforms = Debug|Mixed Platforms
		Debug|x86 = Debug|x86
		Release|Any CPU = Release|Any CPU
		Release|Mixed Platforms = Release|Mixed Platforms
		Release|x86 = Release|x86
	EndGlobalSection
	GlobalSection(ProjectConfigurationPlatforms) = postSolution
		{6334042F-8BB7-4727-A804-FCE5DE19CE44}.Debug|Any CPU.ActiveCfg = Debug|x86
		{6334042F-8BB7-4727-A804-FCE5DE19CE44}.Debug|Mixed Platforms.ActiveCfg = Debug|x86
		{6334042F-8BB7-4727-A804-FCE5DE19CE44}.Debug|Mixed Platforms.Build.0 = Debug|x86
		{6334042F-8BB7-4727-A804-FCE5DE19CE44}.Debug|x86.ActiveCfg = Debug|x86
		{6334042F-8BB7-4727-A804-FCE5DE19CE44}.Debug|x86.Build.0 = Debug|x86
		{6334042F-8BB7-4727-A804-FCE5DE19CE44}.Release|Any CPU.ActiveCfg = Release|x86
		{6334042F-8BB7-4727-A804-FCE5DE19CE44}.Release|Mixed Platforms.ActiveCfg = Release|x86
		{6334042F-8BB7-4727-A804-FCE5DE19CE44}.Release|Mixed Platforms.Build.0 = Release|x86
		{6334042F-8BB7-4727-A804-FCE5DE19CE44}.Release|x86.ActiveCfg = Release|x86
		{6334042F-8BB7-4727-A804-FCE5DE19CE44}.Release|x86.Build.0 = Release|x86
		{CD09AA7B-DC8C-4C07-962F-DED78DB4D4B3}.Debug|Any CPU.ActiveCfg = Debug|Any CPU
		{CD09AA7B-DC8C-4C07-962F-DED78DB4D4B3}.Debug|Any CPU.Build.0 = Debug|Any CPU
		{CD09AA7B-DC8C-4C07-962F-DED78DB4D4B3}.Debug|Mixed Platforms.ActiveCfg = Debug|Any CPU
		{CD09AA7B-DC8C-4C07-962F-DED78DB4D4B3}.Debug|Mixed Platforms.Build.0 = Debug|Any CPU
		{CD09AA7B-DC8C-4C07-962F-DED78DB4D4B3}.Debug|x86.ActiveCfg = Debug|Any CPU
		{CD09AA7B-DC8C-4C07-962F-DED78DB4D4B3}.Release|Any CPU.ActiveCfg = Release|Any CPU
		{CD09AA7B-DC8C-4C07-962F-DED78DB4D4B3}.Release|Any CPU.Build.0 = Release|Any CPU
		{CD09AA7B-DC8C-4C07-962F-DED78DB4D4B3}.Release|Mixed Platforms.ActiveCfg = Release|Any CPU
		{CD09AA7B-DC8C-4C07-962F-DED78DB4D4B3}.Release|Mixed Platforms.Build.0 = Release|Any CPU
		{CD09AA7B-DC8C-4C07-962F-DED78DB4D4B3}.Release|x86.ActiveCfg = Release|Any CPU
	EndGlobalSection
	GlobalSection(SolutionProperties) = preSolution
		HideSolutionNode = FALSE
	EndGlobalSection
EndGlobal
